name: Flock to Fedora
location: Dresden, Germany
start: 2016-08-08
end: 2016-08-11
description: |
  Flock is the Fedora Project's annual contributor-focused conference. It alternates between European and North American locations. The conference provides a venue for face-to-face meetings and conversations. It is also a place to celebrate our community.

  Additional details about the conference available at
  <https://flocktofedora.org/>.
