name: FlocktoFedora
location: Budapest,Hungary 
start: 2019-08-08
end: 2019-08-11
tags:
description: |
  Flock is the Fedora Project's annual contributor-focused conference. 
  The conference provides a venue for face to face meetings and conversations. It is also a place to celebrate our community..
  <https://flocktofedora.org/>
