name: Flock to Fedora
location: Krakow, Poland
start: 2016-08-02
end: 2016-08-05
description: |
  Flock, now in its fourth year, is a conference for Fedora contributors to come together, discuss new ideas, work to make those ideas a reality, and continue to promote the core values of the Fedora community: Freedom, Friends, Features, and First.

  Additional details about the conference are available at
  <https://flocktofedora.org/>.
